
Microsoft Visual Studio Solution File, Format Version 12.00
# Visual Studio Version 17
VisualStudioVersion = 17.14.36212.18 d17.14
MinimumVisualStudioVersion = 10.0.40219.1
Project("{FAE04EC0-301F-11D3-BF4B-00C04F79EFBC}") = "toolygsm1", "toolygsm1\toolygsm1.csproj", "{F65409A7-33D0-4CE5-BADF-A62E3CE6E1F1}"
EndProject
Global
	GlobalSection(SolutionConfigurationPlatforms) = preSolution
		Debug|Any CPU = Debug|Any CPU
		Release|Any CPU = Release|Any CPU
	EndGlobalSection
	GlobalSection(ProjectConfigurationPlatforms) = postSolution
		{F65409A7-33D0-4CE5-BADF-A62E3CE6E1F1}.Debug|Any CPU.ActiveCfg = Debug|Any CPU
		{F65409A7-33D0-4CE5-BADF-A62E3CE6E1F1}.Debug|Any CPU.Build.0 = Debug|Any CPU
		{F65409A7-33D0-4CE5-BADF-A62E3CE6E1F1}.Release|Any CPU.ActiveCfg = Release|Any CPU
		{F65409A7-33D0-4CE5-BADF-A62E3CE6E1F1}.Release|Any CPU.Build.0 = Release|Any CPU
	EndGlobalSection
	GlobalSection(SolutionProperties) = preSolution
		HideSolutionNode = FALSE
	EndGlobalSection
	GlobalSection(ExtensibilityGlobals) = postSolution
		SolutionGuid = {62B1B1C3-AEF1-498B-88BB-B870806D5D30}
	EndGlobalSection
EndGlobal
